{
  "name": "ferromark-ferriki-compatibility",
  "version": "0.0.0",
  "lockfileVersion": 3,
  "requires": true,
  "packages": {
    "": {
      "name": "ferromark-ferriki-compatibility",
      "version": "0.0.0",
      "dependencies": {
        "@ferriki/core": "0.10.0"
      },
      "engines": {
        "node": ">=22.13.0"
      }
    },
    "node_modules/@ferriki/core": {
      "version": "0.10.0",
      "resolved": "https://registry.npmjs.org/@ferriki/core/-/core-0.10.0.tgz",
      "integrity": "sha512-LMjASnRP9b3SUJW3aoyyHLs3JyhL31VjATFwimFhlOOO5O4TOdQm/I/851znVXWc2Fay6r/jsaXY7wjCbcRxEg==",
      "license": "MIT OR Apache-2.0",
      "engines": {
        "node": ">=22.13.0"
      },
      "optionalDependencies": {
        "@ferriki/darwin-arm64": "0.10.0",
        "@ferriki/linux-arm64-gnu": "0.10.0",
        "@ferriki/linux-arm64-musl": "0.10.0",
        "@ferriki/linux-x64-gnu": "0.10.0",
        "@ferriki/linux-x64-musl": "0.10.0",
        "@ferriki/win32-arm64-msvc": "0.10.0",
        "@ferriki/win32-x64-msvc": "0.10.0"
      }
    },
    "node_modules/@ferriki/darwin-arm64": {
      "version": "0.10.0",
      "resolved": "https://registry.npmjs.org/@ferriki/darwin-arm64/-/darwin-arm64-0.10.0.tgz",
      "integrity": "sha512-ka65GMkQwEHrbb+j462oUNTB8HyeL4WF67VgXToM+GM5kGR1yNH77G3fr7vuK2+7NwcScLL3iSXpJNYioIRR/A==",
      "cpu": [
        "arm64"
      ],
      "license": "MIT OR Apache-2.0",
      "optional": true,
      "os": [
        "darwin"
      ],
      "engines": {
        "node": ">=22.13.0"
      }
    },
    "node_modules/@ferriki/linux-arm64-gnu": {
      "version": "0.10.0",
      "resolved": "https://registry.npmjs.org/@ferriki/linux-arm64-gnu/-/linux-arm64-gnu-0.10.0.tgz",
      "integrity": "sha512-5VRK+HjlXg1nBeC+FBXIoTVNFaym7wz4z87CIiHoFG3h1rnFcJhWSJtlrCycAiP06JAGOcLQlGMsn4nU0AsYbQ==",
      "cpu": [
        "arm64"
      ],
      "libc": [
        "glibc"
      ],
      "license": "MIT OR Apache-2.0",
      "optional": true,
      "os": [
        "linux"
      ],
      "engines": {
        "node": ">=22.13.0"
      }
    },
    "node_modules/@ferriki/linux-arm64-musl": {
      "version": "0.10.0",
      "resolved": "https://registry.npmjs.org/@ferriki/linux-arm64-musl/-/linux-arm64-musl-0.10.0.tgz",
      "integrity": "sha512-tx797kSVXd9empOcTnJjLEL1/X1DPUrIw6Sh3PJhE2FiAEqvgGdq45fGkyGhRSqtAc+K+/uRwwsKWnbIp3IYbA==",
      "cpu": [
        "arm64"
      ],
      "libc": [
        "musl"
      ],
      "license": "MIT OR Apache-2.0",
      "optional": true,
      "os": [
        "linux"
      ],
      "engines": {
        "node": ">=22.13.0"
      }
    },
    "node_modules/@ferriki/linux-x64-gnu": {
      "version": "0.10.0",
      "resolved": "https://registry.npmjs.org/@ferriki/linux-x64-gnu/-/linux-x64-gnu-0.10.0.tgz",
      "integrity": "sha512-NHIn2jAqFqTVrfP7Bhi+cvmnFwGSbwl1Ay2VEdrT3SZ08szvcWDLgO+fr3o3EMhCKstntAfatXZXPag4IGRnNw==",
      "cpu": [
        "x64"
      ],
      "libc": [
        "glibc"
      ],
      "license": "MIT OR Apache-2.0",
      "optional": true,
      "os": [
        "linux"
      ],
      "engines": {
        "node": ">=22.13.0"
      }
    },
    "node_modules/@ferriki/linux-x64-musl": {
      "version": "0.10.0",
      "resolved": "https://registry.npmjs.org/@ferriki/linux-x64-musl/-/linux-x64-musl-0.10.0.tgz",
      "integrity": "sha512-ykwGHLjhe9YnMUHc0rxFZKKazg4YvYGYRT8Yc4l2taWdnC0qN5gVv2PeJiiyJmV9kRTOjtCFaG+6P5EAA0hHHw==",
      "cpu": [
        "x64"
      ],
      "libc": [
        "musl"
      ],
      "license": "MIT OR Apache-2.0",
      "optional": true,
      "os": [
        "linux"
      ],
      "engines": {
        "node": ">=22.13.0"
      }
    },
    "node_modules/@ferriki/win32-arm64-msvc": {
      "version": "0.10.0",
      "resolved": "https://registry.npmjs.org/@ferriki/win32-arm64-msvc/-/win32-arm64-msvc-0.10.0.tgz",
      "integrity": "sha512-GINIeLt2aOWgSlMPPg+oNneuQBH1J1NAvSpk5UGMOKHl72xPyjv112sGruSTXT49OKMYv40Mg18iaYx0vdM43g==",
      "cpu": [
        "arm64"
      ],
      "license": "MIT OR Apache-2.0",
      "optional": true,
      "os": [
        "win32"
      ],
      "engines": {
        "node": ">=22.13.0"
      }
    },
    "node_modules/@ferriki/win32-x64-msvc": {
      "version": "0.10.0",
      "resolved": "https://registry.npmjs.org/@ferriki/win32-x64-msvc/-/win32-x64-msvc-0.10.0.tgz",
      "integrity": "sha512-zysdM2WxulKMQsQvO2uYYuyC5/oeB9OjtsCatoHYnl5wtlB3b9lxnDYY2qJjYINq/lBW2V8lval4EHuqJiQiZQ==",
      "cpu": [
        "x64"
      ],
      "license": "MIT OR Apache-2.0",
      "optional": true,
      "os": [
        "win32"
      ],
      "engines": {
        "node": ">=22.13.0"
      }
    }
  }
}
