{
  "name": "ferromark-ferriki-compatibility",
  "version": "0.0.0",
  "lockfileVersion": 3,
  "requires": true,
  "packages": {
    "": {
      "name": "ferromark-ferriki-compatibility",
      "version": "0.0.0",
      "dependencies": {
        "@ferriki/core": "0.13.0"
      },
      "engines": {
        "node": ">=22.13.0"
      }
    },
    "node_modules/@ferriki/core": {
      "version": "0.13.0",
      "resolved": "https://registry.npmjs.org/@ferriki/core/-/core-0.13.0.tgz",
      "integrity": "sha512-6QaUXSSB87t3noph16FEjaiRiGxTwZx5kxalb8Xlx0AUU5+zdZPtkkvmWS5kQn+83I191ihnBhefpWh1Ma38cw==",
      "license": "MIT OR Apache-2.0",
      "engines": {
        "node": ">=22.13.0"
      },
      "optionalDependencies": {
        "@ferriki/darwin-arm64": "0.13.0",
        "@ferriki/linux-arm64-gnu": "0.13.0",
        "@ferriki/linux-arm64-musl": "0.13.0",
        "@ferriki/linux-x64-gnu": "0.13.0",
        "@ferriki/linux-x64-musl": "0.13.0",
        "@ferriki/win32-arm64-msvc": "0.13.0",
        "@ferriki/win32-x64-msvc": "0.13.0"
      }
    },
    "node_modules/@ferriki/darwin-arm64": {
      "version": "0.13.0",
      "resolved": "https://registry.npmjs.org/@ferriki/darwin-arm64/-/darwin-arm64-0.13.0.tgz",
      "integrity": "sha512-kgFKVnnvj0nXHTdgKXHLhC8MiVTso/KamPxLJAHQuB0c+R+JEJpzpX4bY6iWyFngtNWBClAxm3unVI53Dwt6cw==",
      "cpu": [
        "arm64"
      ],
      "license": "MIT OR Apache-2.0",
      "optional": true,
      "os": [
        "darwin"
      ],
      "engines": {
        "node": ">=22.13.0"
      }
    },
    "node_modules/@ferriki/linux-arm64-gnu": {
      "version": "0.13.0",
      "resolved": "https://registry.npmjs.org/@ferriki/linux-arm64-gnu/-/linux-arm64-gnu-0.13.0.tgz",
      "integrity": "sha512-qlkWb3LkvLWIc/Rvi173MXIkkJZpr+o6HXfHs46VKVkIo/Zp8LVrumHnYLVMbNI3pbQ+hxes7/Vjy076fSp1NA==",
      "cpu": [
        "arm64"
      ],
      "libc": [
        "glibc"
      ],
      "license": "MIT OR Apache-2.0",
      "optional": true,
      "os": [
        "linux"
      ],
      "engines": {
        "node": ">=22.13.0"
      }
    },
    "node_modules/@ferriki/linux-arm64-musl": {
      "version": "0.13.0",
      "resolved": "https://registry.npmjs.org/@ferriki/linux-arm64-musl/-/linux-arm64-musl-0.13.0.tgz",
      "integrity": "sha512-8Pmkqz6wx93RGfycRUCixk+ydJ5ApIpZ617AXeqYv+RsqrYQfu4HUb+O43xcO7/hnnpxf/575OHKqSkl2OMS5A==",
      "cpu": [
        "arm64"
      ],
      "libc": [
        "musl"
      ],
      "license": "MIT OR Apache-2.0",
      "optional": true,
      "os": [
        "linux"
      ],
      "engines": {
        "node": ">=22.13.0"
      }
    },
    "node_modules/@ferriki/linux-x64-gnu": {
      "version": "0.13.0",
      "resolved": "https://registry.npmjs.org/@ferriki/linux-x64-gnu/-/linux-x64-gnu-0.13.0.tgz",
      "integrity": "sha512-jcZSQwLkVwrD/XGHlVsG3NY0MowmbGqrI8oKw6nNQ2YztukkXgwMmkQIASgcQYLKAaNRlaRpToauUcKYJJb5dQ==",
      "cpu": [
        "x64"
      ],
      "libc": [
        "glibc"
      ],
      "license": "MIT OR Apache-2.0",
      "optional": true,
      "os": [
        "linux"
      ],
      "engines": {
        "node": ">=22.13.0"
      }
    },
    "node_modules/@ferriki/linux-x64-musl": {
      "version": "0.13.0",
      "resolved": "https://registry.npmjs.org/@ferriki/linux-x64-musl/-/linux-x64-musl-0.13.0.tgz",
      "integrity": "sha512-57JmUJC6OXtc1ReO4OJ5YWl3mo/8MsMBr1hOjpirp+n8V3/Xalo4zxtK5T42u8GxofuGBhIxXeGOCIEyAJoQFQ==",
      "cpu": [
        "x64"
      ],
      "libc": [
        "musl"
      ],
      "license": "MIT OR Apache-2.0",
      "optional": true,
      "os": [
        "linux"
      ],
      "engines": {
        "node": ">=22.13.0"
      }
    },
    "node_modules/@ferriki/win32-arm64-msvc": {
      "version": "0.13.0",
      "resolved": "https://registry.npmjs.org/@ferriki/win32-arm64-msvc/-/win32-arm64-msvc-0.13.0.tgz",
      "integrity": "sha512-14kpkwPrcmdibx2vk1Su5S0f4yCL4NdRbNl5UNEv6Ii9c5CEL8Wi7PAuAjVIZqAB2emvs8wj6GsF0lo31rgmJw==",
      "cpu": [
        "arm64"
      ],
      "license": "MIT OR Apache-2.0",
      "optional": true,
      "os": [
        "win32"
      ],
      "engines": {
        "node": ">=22.13.0"
      }
    },
    "node_modules/@ferriki/win32-x64-msvc": {
      "version": "0.13.0",
      "resolved": "https://registry.npmjs.org/@ferriki/win32-x64-msvc/-/win32-x64-msvc-0.13.0.tgz",
      "integrity": "sha512-j6tJhU+6DJkCKeHJHuzgMJ/+WC9tupFmPzG+eDM+zfc2m6E43e1Y75N+ncfrpd6n72sF/wXkYHdLOcRzzKR9lA==",
      "cpu": [
        "x64"
      ],
      "license": "MIT OR Apache-2.0",
      "optional": true,
      "os": [
        "win32"
      ],
      "engines": {
        "node": ">=22.13.0"
      }
    }
  }
}
