{
  "name": "ferromark-ferriki-compatibility",
  "version": "0.0.0",
  "lockfileVersion": 3,
  "requires": true,
  "packages": {
    "": {
      "name": "ferromark-ferriki-compatibility",
      "version": "0.0.0",
      "dependencies": {
        "@ferriki/core": "0.7.0"
      },
      "engines": {
        "node": ">=22.13.0"
      }
    },
    "node_modules/@ferriki/core": {
      "version": "0.7.0",
      "resolved": "https://registry.npmjs.org/@ferriki/core/-/core-0.7.0.tgz",
      "integrity": "sha512-Oadss+mT4kiOlJYyoBdv4NJy4V1o/6zjaeOoTos5kf/JsAh9IVUuGkbdGHvObb+Z5PnXfgyklt6QFSWiVatpKg==",
      "license": "MIT OR Apache-2.0",
      "engines": {
        "node": ">=22.13.0"
      },
      "optionalDependencies": {
        "@ferriki/darwin-arm64": "0.7.0",
        "@ferriki/linux-arm64-gnu": "0.7.0",
        "@ferriki/linux-arm64-musl": "0.7.0",
        "@ferriki/linux-x64-gnu": "0.7.0",
        "@ferriki/linux-x64-musl": "0.7.0",
        "@ferriki/win32-arm64-msvc": "0.7.0",
        "@ferriki/win32-x64-msvc": "0.7.0"
      }
    },
    "node_modules/@ferriki/darwin-arm64": {
      "version": "0.7.0",
      "resolved": "https://registry.npmjs.org/@ferriki/darwin-arm64/-/darwin-arm64-0.7.0.tgz",
      "integrity": "sha512-j2npi83CiUH7Ija4FlohKEu3rWe95MUBcK2BTfNSZNCk5iJf7Gy6juq52Q8BG6HbOfLnlhfzAEmpfN7aueKZPQ==",
      "cpu": [
        "arm64"
      ],
      "license": "MIT OR Apache-2.0",
      "optional": true,
      "os": [
        "darwin"
      ],
      "engines": {
        "node": ">=22.13.0"
      }
    },
    "node_modules/@ferriki/linux-arm64-gnu": {
      "version": "0.7.0",
      "resolved": "https://registry.npmjs.org/@ferriki/linux-arm64-gnu/-/linux-arm64-gnu-0.7.0.tgz",
      "integrity": "sha512-/nSwF3RjDDbDMFA//yMEbsJJBptpgKhXiJWv4NXO8Ax9VxKzCPZuko4rIGzuMh1zvL2VHm3P6xLuax0QYdjxFw==",
      "cpu": [
        "arm64"
      ],
      "libc": [
        "glibc"
      ],
      "license": "MIT OR Apache-2.0",
      "optional": true,
      "os": [
        "linux"
      ],
      "engines": {
        "node": ">=22.13.0"
      }
    },
    "node_modules/@ferriki/linux-arm64-musl": {
      "version": "0.7.0",
      "resolved": "https://registry.npmjs.org/@ferriki/linux-arm64-musl/-/linux-arm64-musl-0.7.0.tgz",
      "integrity": "sha512-936OPit4E0ZJZzfa7LQFY2WhU8cfNi3tFEbBcukMQUAFUcLufI1VrtVtNqMnydR6qIXQXe68RMrSIztqDkOlVQ==",
      "cpu": [
        "arm64"
      ],
      "libc": [
        "musl"
      ],
      "license": "MIT OR Apache-2.0",
      "optional": true,
      "os": [
        "linux"
      ],
      "engines": {
        "node": ">=22.13.0"
      }
    },
    "node_modules/@ferriki/linux-x64-gnu": {
      "version": "0.7.0",
      "resolved": "https://registry.npmjs.org/@ferriki/linux-x64-gnu/-/linux-x64-gnu-0.7.0.tgz",
      "integrity": "sha512-3U+JNCf8IrEMHNALDXm83PQmx7eQhC7m17fw1yGzq0t8ETGtNpvUBo+jkM20zTGWNo2SqqesUvQQCiHJG1FR0Q==",
      "cpu": [
        "x64"
      ],
      "libc": [
        "glibc"
      ],
      "license": "MIT OR Apache-2.0",
      "optional": true,
      "os": [
        "linux"
      ],
      "engines": {
        "node": ">=22.13.0"
      }
    },
    "node_modules/@ferriki/linux-x64-musl": {
      "version": "0.7.0",
      "resolved": "https://registry.npmjs.org/@ferriki/linux-x64-musl/-/linux-x64-musl-0.7.0.tgz",
      "integrity": "sha512-J3aH7aq/h8cbCh4UdhR62RDMQhRY4oqk802MfVuEgOdIj7lJNAcrLdJOoOLx9tRun4Nfw3FVHUYpZWHTfknEDQ==",
      "cpu": [
        "x64"
      ],
      "libc": [
        "musl"
      ],
      "license": "MIT OR Apache-2.0",
      "optional": true,
      "os": [
        "linux"
      ],
      "engines": {
        "node": ">=22.13.0"
      }
    },
    "node_modules/@ferriki/win32-arm64-msvc": {
      "version": "0.7.0",
      "resolved": "https://registry.npmjs.org/@ferriki/win32-arm64-msvc/-/win32-arm64-msvc-0.7.0.tgz",
      "integrity": "sha512-pbqdyEFTNGk/6E7zRSgSi2RzfyFd3bixXIAX3jd2Nb4QoaNvk4/dvWWltSqFRrGw/Xxrf+6GcfU2zJxBaASaDQ==",
      "cpu": [
        "arm64"
      ],
      "license": "MIT OR Apache-2.0",
      "optional": true,
      "os": [
        "win32"
      ],
      "engines": {
        "node": ">=22.13.0"
      }
    },
    "node_modules/@ferriki/win32-x64-msvc": {
      "version": "0.7.0",
      "resolved": "https://registry.npmjs.org/@ferriki/win32-x64-msvc/-/win32-x64-msvc-0.7.0.tgz",
      "integrity": "sha512-V1Rugzcrxa9yKpo+ORjsGIoHzWUsVsnGHTqKr2lF4c/NUu2PKE8TSawiBjT/3ck2ie0yNRn+Z7hrI9nPW2U2Bg==",
      "cpu": [
        "x64"
      ],
      "license": "MIT OR Apache-2.0",
      "optional": true,
      "os": [
        "win32"
      ],
      "engines": {
        "node": ">=22.13.0"
      }
    }
  }
}
